
Microsoft Visual Studio Solution File, Format Version 12.00
Project("{FAE04EC0-301F-11D3-BF4B-00C04F79EFBC}") = "TeltonikaRemote", "TeltonikaRemote\TeltonikaRemote.csproj", "{5CB8FE3F-6417-407D-9FB6-42482A125255}"
EndProject
Project("{FAE04EC0-301F-11D3-BF4B-00C04F79EFBC}") = "TeltonikaRMSAPI", "TeltonikaRMSAPI\TeltonikaRMSAPI.csproj", "{F4C8B345-A029-4B63-B944-AC5321760199}"
EndProject
Global
	GlobalSection(SolutionConfigurationPlatforms) = preSolution
		Debug|Any CPU = Debug|Any CPU
		Release|Any CPU = Release|Any CPU
	EndGlobalSection
	GlobalSection(ProjectConfigurationPlatforms) = postSolution
		{5CB8FE3F-6417-407D-9FB6-42482A125255}.Debug|Any CPU.ActiveCfg = Debug|Any CPU
		{5CB8FE3F-6417-407D-9FB6-42482A125255}.Debug|Any CPU.Build.0 = Debug|Any CPU
		{5CB8FE3F-6417-407D-9FB6-42482A125255}.Release|Any CPU.ActiveCfg = Release|Any CPU
		{5CB8FE3F-6417-407D-9FB6-42482A125255}.Release|Any CPU.Build.0 = Release|Any CPU
		{F4C8B345-A029-4B63-B944-AC5321760199}.Debug|Any CPU.ActiveCfg = Debug|Any CPU
		{F4C8B345-A029-4B63-B944-AC5321760199}.Debug|Any CPU.Build.0 = Debug|Any CPU
		{F4C8B345-A029-4B63-B944-AC5321760199}.Release|Any CPU.ActiveCfg = Release|Any CPU
		{F4C8B345-A029-4B63-B944-AC5321760199}.Release|Any CPU.Build.0 = Release|Any CPU
	EndGlobalSection
EndGlobal
